// !$*UTF8*$!
{
	archiveVersion = 1;
	classes = {
	};
	objectVersion = 56;
	objects = {

/* Begin PBXBuildFile section */
		/* Build files will be generated by Xcode */
/* End PBXBuildFile section */

/* Begin PBXFileReference section */
		/* File references will be generated by Xcode */
/* End PBXFileReference section */

/* Begin PBXFrameworksBuildPhase section */
		/* Frameworks build phase will be generated by Xcode */
/* End PBXFrameworksBuildPhase section */

/* Begin PBXGroup section */
		/* Groups will be generated by Xcode */
/* End PBXGroup section */

/* Begin PBXNativeTarget section */
		/* Native targets will be generated by Xcode */
/* End PBXNativeTarget section */

/* Begin PBXProject section */
		/* Project settings will be generated by Xcode */
/* End PBXProject section */

/* Begin PBXResourcesBuildPhase section */
		/* Resources build phase will be generated by Xcode */
/* End PBXResourcesBuildPhase section */

/* Begin PBXSourcesBuildPhase section */
		/* Sources build phase will be generated by Xcode */
/* End PBXSourcesBuildPhase section */

/* Begin PBXVariantGroup section */
		/* Variant groups will be generated by Xcode */
/* End PBXVariantGroup section */

/* Begin XCBuildConfiguration section */
		/* Build configurations will be generated by Xcode */
/* End XCBuildConfiguration section */

/* Begin XCConfigurationList section */
		/* Configuration lists will be generated by Xcode */
/* End XCConfigurationList section */
	};
	rootObject = /* will be generated by Xcode */;
}
